
Microsoft Visual Studio Solution File, Format Version 12.00
# Visual Studio Version 16
VisualStudioVersion = 16.0.29926.136
MinimumVisualStudioVersion = 10.0.40219.1
Project("{FAE04EC0-301F-11D3-BF4B-00C04F79EFBC}") = "FASE1", "FASE1\FASE1.csproj", "{0785D2F4-B72A-494B-A958-94AAEF967BE1}"
EndProject
Project("{FAE04EC0-301F-11D3-BF4B-00C04F79EFBC}") = "FASE2", "FASE2\FASE2.csproj", "{3A6749E8-8A65-4F7C-BD21-2F03A0318E9D}"
EndProject
Project("{FAE04EC0-301F-11D3-BF4B-00C04F79EFBC}") = "FASE3", "FASE3\FASE3.csproj", "{DE6AF851-9389-4051-904B-4490A856F2D9}"
EndProject
Project("{FAE04EC0-301F-11D3-BF4B-00C04F79EFBC}") = "FASE4", "FASE4\FASE4.csproj", "{E6759725-279D-4E83-87F5-C35D0CB818C5}"
EndProject
Global
	GlobalSection(SolutionConfigurationPlatforms) = preSolution
		Debug|Any CPU = Debug|Any CPU
		Release|Any CPU = Release|Any CPU
	EndGlobalSection
	GlobalSection(ProjectConfigurationPlatforms) = postSolution
		{0785D2F4-B72A-494B-A958-94AAEF967BE1}.Debug|Any CPU.ActiveCfg = Debug|Any CPU
		{0785D2F4-B72A-494B-A958-94AAEF967BE1}.Debug|Any CPU.Build.0 = Debug|Any CPU
		{0785D2F4-B72A-494B-A958-94AAEF967BE1}.Release|Any CPU.ActiveCfg = Release|Any CPU
		{0785D2F4-B72A-494B-A958-94AAEF967BE1}.Release|Any CPU.Build.0 = Release|Any CPU
		{3A6749E8-8A65-4F7C-BD21-2F03A0318E9D}.Debug|Any CPU.ActiveCfg = Debug|Any CPU
		{3A6749E8-8A65-4F7C-BD21-2F03A0318E9D}.Debug|Any CPU.Build.0 = Debug|Any CPU
		{3A6749E8-8A65-4F7C-BD21-2F03A0318E9D}.Release|Any CPU.ActiveCfg = Release|Any CPU
		{3A6749E8-8A65-4F7C-BD21-2F03A0318E9D}.Release|Any CPU.Build.0 = Release|Any CPU
		{DE6AF851-9389-4051-904B-4490A856F2D9}.Debug|Any CPU.ActiveCfg = Debug|Any CPU
		{DE6AF851-9389-4051-904B-4490A856F2D9}.Debug|Any CPU.Build.0 = Debug|Any CPU
		{DE6AF851-9389-4051-904B-4490A856F2D9}.Release|Any CPU.ActiveCfg = Release|Any CPU
		{DE6AF851-9389-4051-904B-4490A856F2D9}.Release|Any CPU.Build.0 = Release|Any CPU
		{E6759725-279D-4E83-87F5-C35D0CB818C5}.Debug|Any CPU.ActiveCfg = Debug|Any CPU
		{E6759725-279D-4E83-87F5-C35D0CB818C5}.Debug|Any CPU.Build.0 = Debug|Any CPU
		{E6759725-279D-4E83-87F5-C35D0CB818C5}.Release|Any CPU.ActiveCfg = Release|Any CPU
		{E6759725-279D-4E83-87F5-C35D0CB818C5}.Release|Any CPU.Build.0 = Release|Any CPU
	EndGlobalSection
	GlobalSection(SolutionProperties) = preSolution
		HideSolutionNode = FALSE
	EndGlobalSection
	GlobalSection(ExtensibilityGlobals) = postSolution
		SolutionGuid = {59855935-3108-4BEB-BDCE-39BB5E622C70}
	EndGlobalSection
EndGlobal
